
Microsoft Visual Studio Solution File, Format Version 12.00
# Visual Studio Version 17
VisualStudioVersion = 17.14.36429.23 d17.14
MinimumVisualStudioVersion = 10.0.40219.1
Project("{FAE04EC0-301F-11D3-BF4B-00C04F79EFBC}") = "CircleApp", "CircleApp\CircleApp.csproj", "{78B893B2-49CE-4774-A947-B245E224ED78}"
EndProject
Global
	GlobalSection(SolutionConfigurationPlatforms) = preSolution
		Debug|Any CPU = Debug|Any CPU
		Release|Any CPU = Release|Any CPU
	EndGlobalSection
	GlobalSection(ProjectConfigurationPlatforms) = postSolution
		{78B893B2-49CE-4774-A947-B245E224ED78}.Debug|Any CPU.ActiveCfg = Debug|Any CPU
		{78B893B2-49CE-4774-A947-B245E224ED78}.Debug|Any CPU.Build.0 = Debug|Any CPU
		{78B893B2-49CE-4774-A947-B245E224ED78}.Release|Any CPU.ActiveCfg = Release|Any CPU
		{78B893B2-49CE-4774-A947-B245E224ED78}.Release|Any CPU.Build.0 = Release|Any CPU
	EndGlobalSection
	GlobalSection(SolutionProperties) = preSolution
		HideSolutionNode = FALSE
	EndGlobalSection
	GlobalSection(ExtensibilityGlobals) = postSolution
		SolutionGuid = {1D70BAEC-8308-4F21-8C37-0FA55161A36C}
	EndGlobalSection
EndGlobal
